{
  "name": "strategy-to-revenue",
  "version": "1.0.0",
  "lockfileVersion": 1,
  "requires": true,
  "dependencies": {
    "@types/greensock": {
      "version": "1.15.32",
      "resolved": "https://registry.npmjs.org/@types/greensock/-/greensock-1.15.32.tgz",
      "integrity": "sha1-CD2qwlqebzMtVnixRi1vl6giUfc="
    },
    "@types/gsap": {
      "version": "1.19.2",
      "resolved": "https://registry.npmjs.org/@types/gsap/-/gsap-1.19.2.tgz",
      "integrity": "sha1-/6BF/pyiXxihdfrEkY4X1qfvjXs="
    },
    "@types/hammerjs": {
      "version": "2.0.35",
      "resolved": "https://registry.npmjs.org/@types/hammerjs/-/hammerjs-2.0.35.tgz",
      "integrity": "sha1-e3yVDH1UWT4jv/yNK0/rqYZqcnc="
    },
    "@types/jquery": {
      "version": "3.3.1",
      "resolved": "https://registry.npmjs.org/@types/jquery/-/jquery-3.3.1.tgz",
      "integrity": "sha1-VXWNRNQidW1jKcv1Tm1Bkx17oo8="
    },
    "@types/navigo": {
      "version": "7.0.1",
      "resolved": "https://registry.npmjs.org/@types/navigo/-/navigo-7.0.1.tgz",
      "integrity": "sha512-auXcoS/pc39onGyf6fr2V3J3BEHUqH0a1Sa1psuGrVkCat+2D592DA7hdXY73lwCUyhGPzkf0lrcE5jH0OFeJg=="
    },
    "bootstrap": {
      "version": "4.0.0",
      "resolved": "https://registry.npmjs.org/bootstrap/-/bootstrap-4.0.0.tgz",
      "integrity": "sha1-zrA4QsFF/MG5tOFdoqBWVrpoRpo="
    },
    "decode-uri-component": {
      "version": "0.2.0",
      "resolved": "https://registry.npmjs.org/decode-uri-component/-/decode-uri-component-0.2.0.tgz",
      "integrity": "sha1-6zkTMzRYd1y4TNGh+uBiEGu4dUU="
    },
    "gsap": {
      "version": "1.20.4",
      "resolved": "https://registry.npmjs.org/gsap/-/gsap-1.20.4.tgz",
      "integrity": "sha1-AF+6Knv7s7nSe9d+FjTSutNlqGo="
    },
    "hamburgers": {
      "version": "0.9.3",
      "resolved": "https://registry.npmjs.org/hamburgers/-/hamburgers-0.9.3.tgz",
      "integrity": "sha1-c7PSmWUqAoZHymiylX3xcsdsxjY="
    },
    "hammerjs": {
      "version": "2.0.8",
      "resolved": "https://registry.npmjs.org/hammerjs/-/hammerjs-2.0.8.tgz",
      "integrity": "sha1-BO93hiz/K7edMPdpIJWTAiK/YPE="
    },
    "jquery": {
      "version": "3.3.1",
      "resolved": "https://registry.npmjs.org/jquery/-/jquery-3.3.1.tgz",
      "integrity": "sha1-lYzinoHJeQ8xvneS311NlfxX+8o="
    },
    "navigo": {
      "version": "7.1.2",
      "resolved": "https://registry.npmjs.org/navigo/-/navigo-7.1.2.tgz",
      "integrity": "sha512-OlhxHxhLM62X0Sjbkp5wlm1V6GpOIKShFu7dS/fDS3cVqzMHYS880LT5tu6JjGkrSYQbtCNDADmRIP47MoVGlA=="
    },
    "object-assign": {
      "version": "4.1.1",
      "resolved": "https://registry.npmjs.org/object-assign/-/object-assign-4.1.1.tgz",
      "integrity": "sha1-IQmtx5ZYh8/AXLvUQsrIv7s2CGM="
    },
    "popper.js": {
      "version": "1.14.1",
      "resolved": "https://registry.npmjs.org/popper.js/-/popper.js-1.14.1.tgz",
      "integrity": "sha1-uIFeXNpvYvwgQuR2GGSfdYZuZ1M="
    },
    "query-string": {
      "version": "5.1.1",
      "resolved": "https://registry.npmjs.org/query-string/-/query-string-5.1.1.tgz",
      "integrity": "sha512-gjWOsm2SoGlgLEdAGt7a6slVOk9mGiXmPFMqrEhLQ68rhQuBnpfs3+EmlvqKyxnCo9/PPlF+9MtY02S1aFg+Jw==",
      "requires": {
        "decode-uri-component": "0.2.0",
        "object-assign": "4.1.1",
        "strict-uri-encode": "1.1.0"
      }
    },
    "strict-uri-encode": {
      "version": "1.1.0",
      "resolved": "https://registry.npmjs.org/strict-uri-encode/-/strict-uri-encode-1.1.0.tgz",
      "integrity": "sha1-J5siXfHVgrH1TmWt3UNS4Y+qBxM="
    },
    "systemjs": {
      "version": "0.21.0",
      "resolved": "https://registry.npmjs.org/systemjs/-/systemjs-0.21.0.tgz",
      "integrity": "sha1-4+Yd176squQhpScDyWefslQ4YvI="
    }
  }
}
